
Microsoft Visual Studio Solution File, Format Version 12.00
# Visual Studio Version 16
VisualStudioVersion = 16.0.29926.136
MinimumVisualStudioVersion = 10.0.40219.1
Project("{FAE04EC0-301F-11D3-BF4B-00C04F79EFBC}") = "AcmeCustomerManagement", "AcmeCustomerManagement.csproj", "{3376D965-4145-4380-A7E5-48D2CC86490D}"
EndProject
Global
	GlobalSection(SolutionConfigurationPlatforms) = preSolution
		Debug|Any CPU = Debug|Any CPU
		Release|Any CPU = Release|Any CPU
	EndGlobalSection
	GlobalSection(ProjectConfigurationPlatforms) = postSolution
		{3376D965-4145-4380-A7E5-48D2CC86490D}.Debug|Any CPU.ActiveCfg = Debug|Any CPU
		{3376D965-4145-4380-A7E5-48D2CC86490D}.Debug|Any CPU.Build.0 = Debug|Any CPU
		{3376D965-4145-4380-A7E5-48D2CC86490D}.Release|Any CPU.ActiveCfg = Release|Any CPU
		{3376D965-4145-4380-A7E5-48D2CC86490D}.Release|Any CPU.Build.0 = Release|Any CPU
	EndGlobalSection
	GlobalSection(SolutionProperties) = preSolution
		HideSolutionNode = FALSE
	EndGlobalSection
	GlobalSection(ExtensibilityGlobals) = postSolution
		SolutionGuid = {D17FDC9D-1710-4DA0-8859-83A03FCAA41C}
	EndGlobalSection
EndGlobal
